
Microsoft Visual Studio Solution File, Format Version 12.00
# Visual Studio Version 17
VisualStudioVersion = 17.11.35222.181
MinimumVisualStudioVersion = 10.0.40219.1
Project("{FAE04EC0-301F-11D3-BF4B-00C04F79EFBC}") = "BulkyWeb", "BulkyWeb\BulkyWeb.csproj", "{87B2A351-DE8A-4449-A6E9-D239EE9C8D6C}"
EndProject
Global
	GlobalSection(SolutionConfigurationPlatforms) = preSolution
		Debug|Any CPU = Debug|Any CPU
		Release|Any CPU = Release|Any CPU
	EndGlobalSection
	GlobalSection(ProjectConfigurationPlatforms) = postSolution
		{87B2A351-DE8A-4449-A6E9-D239EE9C8D6C}.Debug|Any CPU.ActiveCfg = Debug|Any CPU
		{87B2A351-DE8A-4449-A6E9-D239EE9C8D6C}.Debug|Any CPU.Build.0 = Debug|Any CPU
		{87B2A351-DE8A-4449-A6E9-D239EE9C8D6C}.Release|Any CPU.ActiveCfg = Release|Any CPU
		{87B2A351-DE8A-4449-A6E9-D239EE9C8D6C}.Release|Any CPU.Build.0 = Release|Any CPU
	EndGlobalSection
	GlobalSection(SolutionProperties) = preSolution
		HideSolutionNode = FALSE
	EndGlobalSection
	GlobalSection(ExtensibilityGlobals) = postSolution
		SolutionGuid = {13AB8F6D-AFC0-436D-81E4-EB0E89F99CD6}
	EndGlobalSection
EndGlobal
